// !$*UTF8*$!
{
	archiveVersion = 1;
	classes = {
	};
	objectVersion = 51;
	objects = {

/* Begin PBXBuildFile section */
		4E023F862347E29A00DCC80D /* AppDelegate.swift in Sources */ = {isa = PBXBuildFile; fileRef = 4E023F852347E29A00DCC80D /* AppDelegate.swift */; };
		4E023F8E2347E29A00DCC80D /* pokedexapp.xcdatamodeld in Sources */ = {isa = PBXBuildFile; fileRef = 4E023F8C2347E29A00DCC80D /* pokedexapp.xcdatamodeld */; };
		4E023F902347E29B00DCC80D /* Assets.xcassets in Resources */ = {isa = PBXBuildFile; fileRef = 4E023F8F2347E29B00DCC80D /* Assets.xcassets */; };
		4E023F932347E29B00DCC80D /* LaunchScreen.storyboard in Resources */ = {isa = PBXBuildFile; fileRef = 4E023F912347E29B00DCC80D /* LaunchScreen.storyboard */; };
		4E023F9C2347FBAB00DCC80D /* MainListViewController.swift in Sources */ = {isa = PBXBuildFile; fileRef = 4E023F9B2347FBAB00DCC80D /* MainListViewController.swift */; };
		4E0E02CB235F646B00AFF7A5 /* LoginViewController.swift in Sources */ = {isa = PBXBuildFile; fileRef = 4E0E02CA235F646B00AFF7A5 /* LoginViewController.swift */; };
		4E0E02CD235F651800AFF7A5 /* LoginViewModel.swift in Sources */ = {isa = PBXBuildFile; fileRef = 4E0E02CC235F651800AFF7A5 /* LoginViewModel.swift */; };
		4E33367A235DFE1C0083F105 /* Converter.swift in Sources */ = {isa = PBXBuildFile; fileRef = 4E333679235DFE1C0083F105 /* Converter.swift */; };
		4E3733FC235B3B4200044E3B /* ContainerElementView.swift in Sources */ = {isa = PBXBuildFile; fileRef = 4E3733FB235B3B4200044E3B /* ContainerElementView.swift */; };
		4E3972A2237F19B500AA7D3A /* RateView.swift in Sources */ = {isa = PBXBuildFile; fileRef = 4E3972A1237F19B500AA7D3A /* RateView.swift */; };
		4E3972A4237F1B2C00AA7D3A /* Card.swift in Sources */ = {isa = PBXBuildFile; fileRef = 4E3972A3237F1B2C00AA7D3A /* Card.swift */; };
		4E3BCD56235A896000889230 /* InfoViewController.swift in Sources */ = {isa = PBXBuildFile; fileRef = 4E3BCD55235A896000889230 /* InfoViewController.swift */; };
		4E3BCD58235B31BB00889230 /* PokemonInfo.swift in Sources */ = {isa = PBXBuildFile; fileRef = 4E3BCD57235B31BB00889230 /* PokemonInfo.swift */; };
		4E467BCD236AEE1800859DFB /* SignupViewController.swift in Sources */ = {isa = PBXBuildFile; fileRef = 4E467BCC236AEE1800859DFB /* SignupViewController.swift */; };
		4E467BCF236B2A5500859DFB /* SignupViewModel.swift in Sources */ = {isa = PBXBuildFile; fileRef = 4E467BCE236B2A5500859DFB /* SignupViewModel.swift */; };
		4E467BD1236B2B6600859DFB /* AuthLabel.swift in Sources */ = {isa = PBXBuildFile; fileRef = 4E467BD0236B2B6600859DFB /* AuthLabel.swift */; };
		4E467BD3236B2C8D00859DFB /* AuthButton.swift in Sources */ = {isa = PBXBuildFile; fileRef = 4E467BD2236B2C8D00859DFB /* AuthButton.swift */; };
		4E467BD9236BB29D00859DFB /* AuthViewController.swift in Sources */ = {isa = PBXBuildFile; fileRef = 4E467BD8236BB29D00859DFB /* AuthViewController.swift */; };
		4E467BDB236BB66800859DFB /* SignupNotifier.swift in Sources */ = {isa = PBXBuildFile; fileRef = 4E467BDA236BB66800859DFB /* SignupNotifier.swift */; };
		4E467BDD236C68AA00859DFB /* AuthRepository.swift in Sources */ = {isa = PBXBuildFile; fileRef = 4E467BDC236C68AA00859DFB /* AuthRepository.swift */; };
		4E467BDF236C9FFB00859DFB /* User.swift in Sources */ = {isa = PBXBuildFile; fileRef = 4E467BDE236C9FFB00859DFB /* User.swift */; };
		4E467BE1236CFD9D00859DFB /* NavigationConstants.swift in Sources */ = {isa = PBXBuildFile; fileRef = 4E467BE0236CFD9D00859DFB /* NavigationConstants.swift */; };
		4E467BE4236DA6A100859DFB /* ProfileViewController.swift in Sources */ = {isa = PBXBuildFile; fileRef = 4E467BE3236DA6A100859DFB /* ProfileViewController.swift */; };
		4E467BE6236F716300859DFB /* AuthViewModel.swift in Sources */ = {isa = PBXBuildFile; fileRef = 4E467BE5236F716300859DFB /* AuthViewModel.swift */; };
		4E467BE8236F766400859DFB /* AuthNotifier.swift in Sources */ = {isa = PBXBuildFile; fileRef = 4E467BE7236F766400859DFB /* AuthNotifier.swift */; };
		4E4E13B2237FF9CC00950682 /* RateNewViewModel.swift in Sources */ = {isa = PBXBuildFile; fileRef = 4E4E13B1237FF9CC00950682 /* RateNewViewModel.swift */; };
		4E4E13B723804C2000950682 /* ClearViewController.swift in Sources */ = {isa = PBXBuildFile; fileRef = 4E4E13B623804C2000950682 /* ClearViewController.swift */; };
		4E6799EC238175AA00E313D5 /* ClearNotifier.swift in Sources */ = {isa = PBXBuildFile; fileRef = 4E6799EB238175AA00E313D5 /* ClearNotifier.swift */; };
		4E6799EE2381923B00E313D5 /* PokemonStats.swift in Sources */ = {isa = PBXBuildFile; fileRef = 4E6799ED2381923B00E313D5 /* PokemonStats.swift */; };
		4E6799F02381CAA500E313D5 /* StatData.swift in Sources */ = {isa = PBXBuildFile; fileRef = 4E6799EF2381CAA500E313D5 /* StatData.swift */; };
		4E6799F22381CBCF00E313D5 /* SpeciesData.swift in Sources */ = {isa = PBXBuildFile; fileRef = 4E6799F12381CBCF00E313D5 /* SpeciesData.swift */; };
		4E6799F423821CCE00E313D5 /* ImageLoader.swift in Sources */ = {isa = PBXBuildFile; fileRef = 4E6799F323821CCE00E313D5 /* ImageLoader.swift */; };
		4E6799F82382C7F500E313D5 /* ChainData.swift in Sources */ = {isa = PBXBuildFile; fileRef = 4E6799F72382C7F500E313D5 /* ChainData.swift */; };
		4E6799FA2382CAF600E313D5 /* PageControl.swift in Sources */ = {isa = PBXBuildFile; fileRef = 4E6799F92382CAF600E313D5 /* PageControl.swift */; };
		4E6799FC2386DABD00E313D5 /* MainPokemonRepository.swift in Sources */ = {isa = PBXBuildFile; fileRef = 4E6799FB2386DABD00E313D5 /* MainPokemonRepository.swift */; };
		4E6799FE2386DCAF00E313D5 /* PokemonData.swift in Sources */ = {isa = PBXBuildFile; fileRef = 4E6799FD2386DCAF00E313D5 /* PokemonData.swift */; };
		4E679A002386DD1600E313D5 /* MainPokemonConverter.swift in Sources */ = {isa = PBXBuildFile; fileRef = 4E6799FF2386DD1600E313D5 /* MainPokemonConverter.swift */; };
		4E679A04238749A500E313D5 /* InfoConverter.swift in Sources */ = {isa = PBXBuildFile; fileRef = 4E679A03238749A500E313D5 /* InfoConverter.swift */; };
		4E679A0623874B0000E313D5 /* PokemonInfoRepository.swift in Sources */ = {isa = PBXBuildFile; fileRef = 4E679A0523874B0000E313D5 /* PokemonInfoRepository.swift */; };
		4E679A082387502A00E313D5 /* MainConverter.swift in Sources */ = {isa = PBXBuildFile; fileRef = 4E679A072387502A00E313D5 /* MainConverter.swift */; };
		4E679A0A23896DA600E313D5 /* ChainNotifier.swift in Sources */ = {isa = PBXBuildFile; fileRef = 4E679A0923896DA600E313D5 /* ChainNotifier.swift */; };
		4E679A0C2389A8DE00E313D5 /* InfoNotifier.swift in Sources */ = {isa = PBXBuildFile; fileRef = 4E679A0B2389A8DE00E313D5 /* InfoNotifier.swift */; };
		4E94CC1423719CAF001A5367 /* StripView.swift in Sources */ = {isa = PBXBuildFile; fileRef = 4E94CC1323719CAF001A5367 /* StripView.swift */; };
		4EA771AE2378BA3A00BEDF05 /* PasswordTextField.swift in Sources */ = {isa = PBXBuildFile; fileRef = 4EA771AD2378BA3A00BEDF05 /* PasswordTextField.swift */; };
		4EA771B02378C1CA00BEDF05 /* PasswordClickListener.swift in Sources */ = {isa = PBXBuildFile; fileRef = 4EA771AF2378C1CA00BEDF05 /* PasswordClickListener.swift */; };
		4EC69E4823A18FC90079B778 /* GoogleService-Info.plist in Resources */ = {isa = PBXBuildFile; fileRef = 4EC69E4723A18FC90079B778 /* GoogleService-Info.plist */; };
		4EC69E5623AC33020079B778 /* AbilityData.swift in Sources */ = {isa = PBXBuildFile; fileRef = 4EC69E5523AC33020079B778 /* AbilityData.swift */; };
		4ED21B90238AFD790048F7EC /* PageViewController.swift in Sources */ = {isa = PBXBuildFile; fileRef = 4ED21B8F238AFD790048F7EC /* PageViewController.swift */; };
		4ED21B92238B1B080048F7EC /* ComplexRateView.swift in Sources */ = {isa = PBXBuildFile; fileRef = 4ED21B91238B1B080048F7EC /* ComplexRateView.swift */; };
		4EEC861723757D6A00A6C950 /* ErrorHandler.swift in Sources */ = {isa = PBXBuildFile; fileRef = 4EEC861623757D6A00A6C950 /* ErrorHandler.swift */; };
		4EEF54ED235A045B007F236C /* TypeCase.swift in Sources */ = {isa = PBXBuildFile; fileRef = 4EEF54EC235A045B007F236C /* TypeCase.swift */; };
		4EEF54F0235A33F6007F236C /* InfoViewModel.swift in Sources */ = {isa = PBXBuildFile; fileRef = 4EEF54EF235A33F6007F236C /* InfoViewModel.swift */; };
		4EF497C52361D13A006EC6FB /* AuthTextField.swift in Sources */ = {isa = PBXBuildFile; fileRef = 4EF497C42361D13A006EC6FB /* AuthTextField.swift */; };
		4EF66D452379C2FB009500ED /* UserObj.swift in Sources */ = {isa = PBXBuildFile; fileRef = 4EF66D442379C2FB009500ED /* UserObj.swift */; };
		4EF66D4B237B515D009500ED /* LoginNavigationController.swift in Sources */ = {isa = PBXBuildFile; fileRef = 4EF66D4A237B515D009500ED /* LoginNavigationController.swift */; };
		4EF66D4E237C18B7009500ED /* RateViewController.swift in Sources */ = {isa = PBXBuildFile; fileRef = 4EF66D4D237C18B7009500ED /* RateViewController.swift */; };
		4EF66D50237C201C009500ED /* PokemonSpecies.swift in Sources */ = {isa = PBXBuildFile; fileRef = 4EF66D4F237C201C009500ED /* PokemonSpecies.swift */; };
		4EF66D52237C840F009500ED /* PokemonChain.swift in Sources */ = {isa = PBXBuildFile; fileRef = 4EF66D51237C840F009500ED /* PokemonChain.swift */; };
		4EF66D54237C850E009500ED /* RateViewModel.swift in Sources */ = {isa = PBXBuildFile; fileRef = 4EF66D53237C850E009500ED /* RateViewModel.swift */; };
		4EF66D56237CAE51009500ED /* RateNotifier.swift in Sources */ = {isa = PBXBuildFile; fileRef = 4EF66D55237CAE51009500ED /* RateNotifier.swift */; };
		4EF66D58237D9451009500ED /* RateCell.swift in Sources */ = {isa = PBXBuildFile; fileRef = 4EF66D57237D9451009500ED /* RateCell.swift */; };
		4EF66D5A237DAB78009500ED /* BundleDeliver.swift in Sources */ = {isa = PBXBuildFile; fileRef = 4EF66D59237DAB78009500ED /* BundleDeliver.swift */; };
		4EF66D5C237ED117009500ED /* TransitionDelegate.swift in Sources */ = {isa = PBXBuildFile; fileRef = 4EF66D5B237ED117009500ED /* TransitionDelegate.swift */; };
		4EF66D5E237EDA67009500ED /* FadePushAnimator.swift in Sources */ = {isa = PBXBuildFile; fileRef = 4EF66D5D237EDA67009500ED /* FadePushAnimator.swift */; };
		4EF9BCE72390495100AC622D /* CacheManager.swift in Sources */ = {isa = PBXBuildFile; fileRef = 4EF9BCE62390495100AC622D /* CacheManager.swift */; };
		4EFC71002364B492009C78E7 /* LoginNotifier.swift in Sources */ = {isa = PBXBuildFile; fileRef = 4EFC70FF2364B492009C78E7 /* LoginNotifier.swift */; };
		4EFC7102236A101A009C78E7 /* MainNotifier.swift in Sources */ = {isa = PBXBuildFile; fileRef = 4EFC7101236A101A009C78E7 /* MainNotifier.swift */; };
		4EFEA1C5235624D000C2C102 /* MainViewModel.swift in Sources */ = {isa = PBXBuildFile; fileRef = 4EFEA1C4235624D000C2C102 /* MainViewModel.swift */; };
		4EFEA1C7235626EE00C2C102 /* NetworkService.swift in Sources */ = {isa = PBXBuildFile; fileRef = 4EFEA1C6235626EE00C2C102 /* NetworkService.swift */; };
		4EFEA1C92356271E00C2C102 /* Notifier.swift in Sources */ = {isa = PBXBuildFile; fileRef = 4EFEA1C82356271E00C2C102 /* Notifier.swift */; };
		4EFEA1CB2356276100C2C102 /* SubcriberDelegate.swift in Sources */ = {isa = PBXBuildFile; fileRef = 4EFEA1CA2356276100C2C102 /* SubcriberDelegate.swift */; };
		4EFEA1CD2356278800C2C102 /* Pokemon.swift in Sources */ = {isa = PBXBuildFile; fileRef = 4EFEA1CC2356278800C2C102 /* Pokemon.swift */; };
		4EFEA1CF235627AE00C2C102 /* PokemonListTableViewCell.swift in Sources */ = {isa = PBXBuildFile; fileRef = 4EFEA1CE235627AE00C2C102 /* PokemonListTableViewCell.swift */; };
		4EFEA1D12356361000C2C102 /* URLExtenstion.swift in Sources */ = {isa = PBXBuildFile; fileRef = 4EFEA1D02356361000C2C102 /* URLExtenstion.swift */; };
		4EFEA1D32356567E00C2C102 /* TypeLabel.swift in Sources */ = {isa = PBXBuildFile; fileRef = 4EFEA1D22356567E00C2C102 /* TypeLabel.swift */; };
		4EFEA1D62357929800C2C102 /* TypeCollectionViewCell.swift in Sources */ = {isa = PBXBuildFile; fileRef = 4EFEA1D52357929800C2C102 /* TypeCollectionViewCell.swift */; };
		4EFEA1D823587CBD00C2C102 /* Colors.swift in Sources */ = {isa = PBXBuildFile; fileRef = 4EFEA1D723587CBD00C2C102 /* Colors.swift */; };
		4FCEDA945B7490DC3011889A /* Pods_pokedexapp.framework in Frameworks */ = {isa = PBXBuildFile; fileRef = A4A55BE5DB2681FEB77B703B /* Pods_pokedexapp.framework */; };
/* End PBXBuildFile section */

/* Begin PBXFileReference section */
		3F677C73845B662288621F05 /* Pods-pokedexapp.debug.xcconfig */ = {isa = PBXFileReference; includeInIndex = 1; lastKnownFileType = text.xcconfig; name = "Pods-pokedexapp.debug.xcconfig"; path = "Target Support Files/Pods-pokedexapp/Pods-pokedexapp.debug.xcconfig"; sourceTree = "<group>"; };
		4E023F822347E29A00DCC80D /* pokedexapp.app */ = {isa = PBXFileReference; explicitFileType = wrapper.application; includeInIndex = 0; path = pokedexapp.app; sourceTree = BUILT_PRODUCTS_DIR; };
		4E023F852347E29A00DCC80D /* AppDelegate.swift */ = {isa = PBXFileReference; lastKnownFileType = sourcecode.swift; path = AppDelegate.swift; sourceTree = "<group>"; };
		4E023F8D2347E29A00DCC80D /* pokedexapp.xcdatamodel */ = {isa = PBXFileReference; lastKnownFileType = wrapper.xcdatamodel; path = pokedexapp.xcdatamodel; sourceTree = "<group>"; };
		4E023F8F2347E29B00DCC80D /* Assets.xcassets */ = {isa = PBXFileReference; lastKnownFileType = folder.assetcatalog; path = Assets.xcassets; sourceTree = "<group>"; };
		4E023F922347E29B00DCC80D /* Base */ = {isa = PBXFileReference; lastKnownFileType = file.storyboard; name = Base; path = Base.lproj/LaunchScreen.storyboard; sourceTree = "<group>"; };
		4E023F942347E29B00DCC80D /* Info.plist */ = {isa = PBXFileReference; lastKnownFileType = text.plist.xml; path = Info.plist; sourceTree = "<group>"; };
		4E023F9B2347FBAB00DCC80D /* MainListViewController.swift */ = {isa = PBXFileReference; lastKnownFileType = sourcecode.swift; path = MainListViewController.swift; sourceTree = "<group>"; };
		4E0E02CA235F646B00AFF7A5 /* LoginViewController.swift */ = {isa = PBXFileReference; lastKnownFileType = sourcecode.swift; path = LoginViewController.swift; sourceTree = "<group>"; };
		4E0E02CC235F651800AFF7A5 /* LoginViewModel.swift */ = {isa = PBXFileReference; lastKnownFileType = sourcecode.swift; path = LoginViewModel.swift; sourceTree = "<group>"; };
		4E333679235DFE1C0083F105 /* Converter.swift */ = {isa = PBXFileReference; lastKnownFileType = sourcecode.swift; path = Converter.swift; sourceTree = "<group>"; };
		4E3733FB235B3B4200044E3B /* ContainerElementView.swift */ = {isa = PBXFileReference; lastKnownFileType = sourcecode.swift; path = ContainerElementView.swift; sourceTree = "<group>"; };
		4E3972A1237F19B500AA7D3A /* RateView.swift */ = {isa = PBXFileReference; lastKnownFileType = sourcecode.swift; path = RateView.swift; sourceTree = "<group>"; };
		4E3972A3237F1B2C00AA7D3A /* Card.swift */ = {isa = PBXFileReference; lastKnownFileType = sourcecode.swift; path = Card.swift; sourceTree = "<group>"; };
		4E3BCD55235A896000889230 /* InfoViewController.swift */ = {isa = PBXFileReference; lastKnownFileType = sourcecode.swift; path = InfoViewController.swift; sourceTree = "<group>"; };
		4E3BCD57235B31BB00889230 /* PokemonInfo.swift */ = {isa = PBXFileReference; lastKnownFileType = sourcecode.swift; path = PokemonInfo.swift; sourceTree = "<group>"; };
		4E467BCC236AEE1800859DFB /* SignupViewController.swift */ = {isa = PBXFileReference; lastKnownFileType = sourcecode.swift; path = SignupViewController.swift; sourceTree = "<group>"; };
		4E467BCE236B2A5500859DFB /* SignupViewModel.swift */ = {isa = PBXFileReference; lastKnownFileType = sourcecode.swift; path = SignupViewModel.swift; sourceTree = "<group>"; };
		4E467BD0236B2B6600859DFB /* AuthLabel.swift */ = {isa = PBXFileReference; lastKnownFileType = sourcecode.swift; path = AuthLabel.swift; sourceTree = "<group>"; };
		4E467BD2236B2C8D00859DFB /* AuthButton.swift */ = {isa = PBXFileReference; lastKnownFileType = sourcecode.swift; path = AuthButton.swift; sourceTree = "<group>"; };
		4E467BD8236BB29D00859DFB /* AuthViewController.swift */ = {isa = PBXFileReference; lastKnownFileType = sourcecode.swift; path = AuthViewController.swift; sourceTree = "<group>"; };
		4E467BDA236BB66800859DFB /* SignupNotifier.swift */ = {isa = PBXFileReference; lastKnownFileType = sourcecode.swift; path = SignupNotifier.swift; sourceTree = "<group>"; };
		4E467BDC236C68AA00859DFB /* AuthRepository.swift */ = {isa = PBXFileReference; lastKnownFileType = sourcecode.swift; path = AuthRepository.swift; sourceTree = "<group>"; };
		4E467BDE236C9FFB00859DFB /* User.swift */ = {isa = PBXFileReference; lastKnownFileType = sourcecode.swift; path = User.swift; sourceTree = "<group>"; };
		4E467BE0236CFD9D00859DFB /* NavigationConstants.swift */ = {isa = PBXFileReference; lastKnownFileType = sourcecode.swift; path = NavigationConstants.swift; sourceTree = "<group>"; };
		4E467BE3236DA6A100859DFB /* ProfileViewController.swift */ = {isa = PBXFileReference; lastKnownFileType = sourcecode.swift; path = ProfileViewController.swift; sourceTree = "<group>"; };
		4E467BE5236F716300859DFB /* AuthViewModel.swift */ = {isa = PBXFileReference; lastKnownFileType = sourcecode.swift; path = AuthViewModel.swift; sourceTree = "<group>"; };
		4E467BE7236F766400859DFB /* AuthNotifier.swift */ = {isa = PBXFileReference; lastKnownFileType = sourcecode.swift; path = AuthNotifier.swift; sourceTree = "<group>"; };
		4E4E13B1237FF9CC00950682 /* RateNewViewModel.swift */ = {isa = PBXFileReference; lastKnownFileType = sourcecode.swift; path = RateNewViewModel.swift; sourceTree = "<group>"; };
		4E4E13B623804C2000950682 /* ClearViewController.swift */ = {isa = PBXFileReference; lastKnownFileType = sourcecode.swift; path = ClearViewController.swift; sourceTree = "<group>"; };
		4E6799EB238175AA00E313D5 /* ClearNotifier.swift */ = {isa = PBXFileReference; lastKnownFileType = sourcecode.swift; path = ClearNotifier.swift; sourceTree = "<group>"; };
		4E6799ED2381923B00E313D5 /* PokemonStats.swift */ = {isa = PBXFileReference; lastKnownFileType = sourcecode.swift; path = PokemonStats.swift; sourceTree = "<group>"; };
		4E6799EF2381CAA500E313D5 /* StatData.swift */ = {isa = PBXFileReference; lastKnownFileType = sourcecode.swift; path = StatData.swift; sourceTree = "<group>"; };
		4E6799F12381CBCF00E313D5 /* SpeciesData.swift */ = {isa = PBXFileReference; lastKnownFileType = sourcecode.swift; path = SpeciesData.swift; sourceTree = "<group>"; };
		4E6799F323821CCE00E313D5 /* ImageLoader.swift */ = {isa = PBXFileReference; lastKnownFileType = sourcecode.swift; path = ImageLoader.swift; sourceTree = "<group>"; };
		4E6799F72382C7F500E313D5 /* ChainData.swift */ = {isa = PBXFileReference; lastKnownFileType = sourcecode.swift; path = ChainData.swift; sourceTree = "<group>"; };
		4E6799F92382CAF600E313D5 /* PageControl.swift */ = {isa = PBXFileReference; lastKnownFileType = sourcecode.swift; path = PageControl.swift; sourceTree = "<group>"; };
		4E6799FB2386DABD00E313D5 /* MainPokemonRepository.swift */ = {isa = PBXFileReference; lastKnownFileType = sourcecode.swift; path = MainPokemonRepository.swift; sourceTree = "<group>"; };
		4E6799FD2386DCAF00E313D5 /* PokemonData.swift */ = {isa = PBXFileReference; lastKnownFileType = sourcecode.swift; path = PokemonData.swift; sourceTree = "<group>"; };
		4E6799FF2386DD1600E313D5 /* MainPokemonConverter.swift */ = {isa = PBXFileReference; lastKnownFileType = sourcecode.swift; path = MainPokemonConverter.swift; sourceTree = "<group>"; };
		4E679A03238749A500E313D5 /* InfoConverter.swift */ = {isa = PBXFileReference; lastKnownFileType = sourcecode.swift; path = InfoConverter.swift; sourceTree = "<group>"; };
		4E679A0523874B0000E313D5 /* PokemonInfoRepository.swift */ = {isa = PBXFileReference; lastKnownFileType = sourcecode.swift; path = PokemonInfoRepository.swift; sourceTree = "<group>"; };
		4E679A072387502A00E313D5 /* MainConverter.swift */ = {isa = PBXFileReference; lastKnownFileType = sourcecode.swift; path = MainConverter.swift; sourceTree = "<group>"; };
		4E679A0923896DA600E313D5 /* ChainNotifier.swift */ = {isa = PBXFileReference; lastKnownFileType = sourcecode.swift; path = ChainNotifier.swift; sourceTree = "<group>"; };
		4E679A0B2389A8DE00E313D5 /* InfoNotifier.swift */ = {isa = PBXFileReference; lastKnownFileType = sourcecode.swift; path = InfoNotifier.swift; sourceTree = "<group>"; };
		4E94CC1323719CAF001A5367 /* StripView.swift */ = {isa = PBXFileReference; lastKnownFileType = sourcecode.swift; path = StripView.swift; sourceTree = "<group>"; };
		4EA771AD2378BA3A00BEDF05 /* PasswordTextField.swift */ = {isa = PBXFileReference; lastKnownFileType = sourcecode.swift; path = PasswordTextField.swift; sourceTree = "<group>"; };
		4EA771AF2378C1CA00BEDF05 /* PasswordClickListener.swift */ = {isa = PBXFileReference; lastKnownFileType = sourcecode.swift; path = PasswordClickListener.swift; sourceTree = "<group>"; };
		4EC69E4723A18FC90079B778 /* GoogleService-Info.plist */ = {isa = PBXFileReference; fileEncoding = 4; lastKnownFileType = text.plist.xml; path = "GoogleService-Info.plist"; sourceTree = "<group>"; };
		4EC69E5523AC33020079B778 /* AbilityData.swift */ = {isa = PBXFileReference; lastKnownFileType = sourcecode.swift; path = AbilityData.swift; sourceTree = "<group>"; };
		4ED21B8F238AFD790048F7EC /* PageViewController.swift */ = {isa = PBXFileReference; lastKnownFileType = sourcecode.swift; path = PageViewController.swift; sourceTree = "<group>"; };
		4ED21B91238B1B080048F7EC /* ComplexRateView.swift */ = {isa = PBXFileReference; lastKnownFileType = sourcecode.swift; path = ComplexRateView.swift; sourceTree = "<group>"; };
		4EEC861623757D6A00A6C950 /* ErrorHandler.swift */ = {isa = PBXFileReference; lastKnownFileType = sourcecode.swift; path = ErrorHandler.swift; sourceTree = "<group>"; };
		4EEF54EC235A045B007F236C /* TypeCase.swift */ = {isa = PBXFileReference; lastKnownFileType = sourcecode.swift; path = TypeCase.swift; sourceTree = "<group>"; };
		4EEF54EF235A33F6007F236C /* InfoViewModel.swift */ = {isa = PBXFileReference; lastKnownFileType = sourcecode.swift; path = InfoViewModel.swift; sourceTree = "<group>"; };
		4EF497C42361D13A006EC6FB /* AuthTextField.swift */ = {isa = PBXFileReference; lastKnownFileType = sourcecode.swift; path = AuthTextField.swift; sourceTree = "<group>"; };
		4EF66D442379C2FB009500ED /* UserObj.swift */ = {isa = PBXFileReference; lastKnownFileType = sourcecode.swift; path = UserObj.swift; sourceTree = "<group>"; };
		4EF66D4A237B515D009500ED /* LoginNavigationController.swift */ = {isa = PBXFileReference; lastKnownFileType = sourcecode.swift; path = LoginNavigationController.swift; sourceTree = "<group>"; };
		4EF66D4D237C18B7009500ED /* RateViewController.swift */ = {isa = PBXFileReference; lastKnownFileType = sourcecode.swift; path = RateViewController.swift; sourceTree = "<group>"; };
		4EF66D4F237C201C009500ED /* PokemonSpecies.swift */ = {isa = PBXFileReference; lastKnownFileType = sourcecode.swift; path = PokemonSpecies.swift; sourceTree = "<group>"; };
		4EF66D51237C840F009500ED /* PokemonChain.swift */ = {isa = PBXFileReference; lastKnownFileType = sourcecode.swift; path = PokemonChain.swift; sourceTree = "<group>"; };
		4EF66D53237C850E009500ED /* RateViewModel.swift */ = {isa = PBXFileReference; lastKnownFileType = sourcecode.swift; path = RateViewModel.swift; sourceTree = "<group>"; };
		4EF66D55237CAE51009500ED /* RateNotifier.swift */ = {isa = PBXFileReference; lastKnownFileType = sourcecode.swift; path = RateNotifier.swift; sourceTree = "<group>"; };
		4EF66D57237D9451009500ED /* RateCell.swift */ = {isa = PBXFileReference; lastKnownFileType = sourcecode.swift; path = RateCell.swift; sourceTree = "<group>"; };
		4EF66D59237DAB78009500ED /* BundleDeliver.swift */ = {isa = PBXFileReference; lastKnownFileType = sourcecode.swift; path = BundleDeliver.swift; sourceTree = "<group>"; };
		4EF66D5B237ED117009500ED /* TransitionDelegate.swift */ = {isa = PBXFileReference; lastKnownFileType = sourcecode.swift; path = TransitionDelegate.swift; sourceTree = "<group>"; };
		4EF66D5D237EDA67009500ED /* FadePushAnimator.swift */ = {isa = PBXFileReference; lastKnownFileType = sourcecode.swift; path = FadePushAnimator.swift; sourceTree = "<group>"; };
		4EF9BCE62390495100AC622D /* CacheManager.swift */ = {isa = PBXFileReference; lastKnownFileType = sourcecode.swift; path = CacheManager.swift; sourceTree = "<group>"; };
		4EFC70FF2364B492009C78E7 /* LoginNotifier.swift */ = {isa = PBXFileReference; lastKnownFileType = sourcecode.swift; path = LoginNotifier.swift; sourceTree = "<group>"; };
		4EFC7101236A101A009C78E7 /* MainNotifier.swift */ = {isa = PBXFileReference; lastKnownFileType = sourcecode.swift; path = MainNotifier.swift; sourceTree = "<group>"; };
		4EFEA1C4235624D000C2C102 /* MainViewModel.swift */ = {isa = PBXFileReference; lastKnownFileType = sourcecode.swift; path = MainViewModel.swift; sourceTree = "<group>"; };
		4EFEA1C6235626EE00C2C102 /* NetworkService.swift */ = {isa = PBXFileReference; lastKnownFileType = sourcecode.swift; path = NetworkService.swift; sourceTree = "<group>"; };
		4EFEA1C82356271E00C2C102 /* Notifier.swift */ = {isa = PBXFileReference; lastKnownFileType = sourcecode.swift; path = Notifier.swift; sourceTree = "<group>"; };
		4EFEA1CA2356276100C2C102 /* SubcriberDelegate.swift */ = {isa = PBXFileReference; lastKnownFileType = sourcecode.swift; path = SubcriberDelegate.swift; sourceTree = "<group>"; };
		4EFEA1CC2356278800C2C102 /* Pokemon.swift */ = {isa = PBXFileReference; lastKnownFileType = sourcecode.swift; path = Pokemon.swift; sourceTree = "<group>"; };
		4EFEA1CE235627AE00C2C102 /* PokemonListTableViewCell.swift */ = {isa = PBXFileReference; lastKnownFileType = sourcecode.swift; path = PokemonListTableViewCell.swift; sourceTree = "<group>"; };
		4EFEA1D02356361000C2C102 /* URLExtenstion.swift */ = {isa = PBXFileReference; lastKnownFileType = sourcecode.swift; path = URLExtenstion.swift; sourceTree = "<group>"; };
		4EFEA1D22356567E00C2C102 /* TypeLabel.swift */ = {isa = PBXFileReference; lastKnownFileType = sourcecode.swift; path = TypeLabel.swift; sourceTree = "<group>"; };
		4EFEA1D52357929800C2C102 /* TypeCollectionViewCell.swift */ = {isa = PBXFileReference; lastKnownFileType = sourcecode.swift; path = TypeCollectionViewCell.swift; sourceTree = "<group>"; };
		4EFEA1D723587CBD00C2C102 /* Colors.swift */ = {isa = PBXFileReference; lastKnownFileType = sourcecode.swift; path = Colors.swift; sourceTree = "<group>"; };
		A4A55BE5DB2681FEB77B703B /* Pods_pokedexapp.framework */ = {isa = PBXFileReference; explicitFileType = wrapper.framework; includeInIndex = 0; path = Pods_pokedexapp.framework; sourceTree = BUILT_PRODUCTS_DIR; };
		B7DC53854AA5C454938F4908 /* Pods-pokedexapp.release.xcconfig */ = {isa = PBXFileReference; includeInIndex = 1; lastKnownFileType = text.xcconfig; name = "Pods-pokedexapp.release.xcconfig"; path = "Target Support Files/Pods-pokedexapp/Pods-pokedexapp.release.xcconfig"; sourceTree = "<group>"; };
/* End PBXFileReference section */

/* Begin PBXFrameworksBuildPhase section */
		4E023F7F2347E29A00DCC80D /* Frameworks */ = {
			isa = PBXFrameworksBuildPhase;
			buildActionMask = 2147483647;
			files = (
				4FCEDA945B7490DC3011889A /* Pods_pokedexapp.framework in Frameworks */,
			);
			runOnlyForDeploymentPostprocessing = 0;
		};
/* End PBXFrameworksBuildPhase section */

/* Begin PBXGroup section */
		457A492FAF6A6EE73D9BD31A /* Pods */ = {
			isa = PBXGroup;
			children = (
				3F677C73845B662288621F05 /* Pods-pokedexapp.debug.xcconfig */,
				B7DC53854AA5C454938F4908 /* Pods-pokedexapp.release.xcconfig */,
			);
			path = Pods;
			sourceTree = "<group>";
		};
		4E023F792347E29A00DCC80D = {
			isa = PBXGroup;
			children = (
				4E023F842347E29A00DCC80D /* pokedexapp */,
				4E023F832347E29A00DCC80D /* Products */,
				457A492FAF6A6EE73D9BD31A /* Pods */,
				AE9C97B3C170D5DF94F4C622 /* Frameworks */,
			);
			sourceTree = "<group>";
		};
		4E023F832347E29A00DCC80D /* Products */ = {
			isa = PBXGroup;
			children = (
				4E023F822347E29A00DCC80D /* pokedexapp.app */,
			);
			name = Products;
			sourceTree = "<group>";
		};
		4E023F842347E29A00DCC80D /* pokedexapp */ = {
			isa = PBXGroup;
			children = (
				4E4E13B523804C0900950682 /* clear */,
				4E3972A0237F19A200AA7D3A /* rate_swiftui */,
				4EF66D4C237C1831009500ED /* rate */,
				4E467BE2236DA67300859DFB /* profile */,
				4E467BCB236AEDF900859DFB /* signup */,
				4E0E02C9235F643000AFF7A5 /* login */,
				4E467BD7236BB28800859DFB /* auth */,
				4EEF54EE235A33DA007F236C /* info */,
				4E467BD4236BAE2900859DFB /* service */,
				4E023F9A2347FB5E00DCC80D /* main_list */,
				4EFEA1D423574A2800C2C102 /* type_cell */,
				4E3733FA235B3B2A00044E3B /* custom_views */,
				4E333679235DFE1C0083F105 /* Converter.swift */,
				4EC69E4723A18FC90079B778 /* GoogleService-Info.plist */,
				4EFEA1D02356361000C2C102 /* URLExtenstion.swift */,
				4EFEA1D723587CBD00C2C102 /* Colors.swift */,
				4EEC861623757D6A00A6C950 /* ErrorHandler.swift */,
				4E023F852347E29A00DCC80D /* AppDelegate.swift */,
				4E023F8F2347E29B00DCC80D /* Assets.xcassets */,
				4E023F912347E29B00DCC80D /* LaunchScreen.storyboard */,
				4E023F942347E29B00DCC80D /* Info.plist */,
				4E023F8C2347E29A00DCC80D /* pokedexapp.xcdatamodeld */,
			);
			path = pokedexapp;
			sourceTree = "<group>";
		};
		4E023F9A2347FB5E00DCC80D /* main_list */ = {
			isa = PBXGroup;
			children = (
				4E023F9B2347FBAB00DCC80D /* MainListViewController.swift */,
				4EFEA1C4235624D000C2C102 /* MainViewModel.swift */,
				4E6799FB2386DABD00E313D5 /* MainPokemonRepository.swift */,
				4EFEA1CC2356278800C2C102 /* Pokemon.swift */,
				4EFEA1CE235627AE00C2C102 /* PokemonListTableViewCell.swift */,
				4EFC7101236A101A009C78E7 /* MainNotifier.swift */,
				4E467BE0236CFD9D00859DFB /* NavigationConstants.swift */,
				4E6799FD2386DCAF00E313D5 /* PokemonData.swift */,
				4E6799FF2386DD1600E313D5 /* MainPokemonConverter.swift */,
				4E679A072387502A00E313D5 /* MainConverter.swift */,
			);
			path = main_list;
			sourceTree = "<group>";
		};
		4E0E02C9235F643000AFF7A5 /* login */ = {
			isa = PBXGroup;
			children = (
				4E0E02CA235F646B00AFF7A5 /* LoginViewController.swift */,
				4E0E02CC235F651800AFF7A5 /* LoginViewModel.swift */,
				4EFC70FF2364B492009C78E7 /* LoginNotifier.swift */,
			);
			path = login;
			sourceTree = "<group>";
		};
		4E3733FA235B3B2A00044E3B /* custom_views */ = {
			isa = PBXGroup;
			children = (
				4E467BD0236B2B6600859DFB /* AuthLabel.swift */,
				4EF497C42361D13A006EC6FB /* AuthTextField.swift */,
				4EA771AD2378BA3A00BEDF05 /* PasswordTextField.swift */,
				4E467BD2236B2C8D00859DFB /* AuthButton.swift */,
				4E3733FB235B3B4200044E3B /* ContainerElementView.swift */,
				4E94CC1323719CAF001A5367 /* StripView.swift */,
				4EA771AF2378C1CA00BEDF05 /* PasswordClickListener.swift */,
				4EF66D4A237B515D009500ED /* LoginNavigationController.swift */,
			);
			path = custom_views;
			sourceTree = "<group>";
		};
		4E3972A0237F19A200AA7D3A /* rate_swiftui */ = {
			isa = PBXGroup;
			children = (
				4E3972A1237F19B500AA7D3A /* RateView.swift */,
				4E3972A3237F1B2C00AA7D3A /* Card.swift */,
				4E4E13B1237FF9CC00950682 /* RateNewViewModel.swift */,
				4E6799ED2381923B00E313D5 /* PokemonStats.swift */,
				4E6799EF2381CAA500E313D5 /* StatData.swift */,
				4E6799F12381CBCF00E313D5 /* SpeciesData.swift */,
				4E6799F323821CCE00E313D5 /* ImageLoader.swift */,
				4E6799F72382C7F500E313D5 /* ChainData.swift */,
				4E6799F92382CAF600E313D5 /* PageControl.swift */,
				4ED21B8F238AFD790048F7EC /* PageViewController.swift */,
				4ED21B91238B1B080048F7EC /* ComplexRateView.swift */,
				4EC69E5523AC33020079B778 /* AbilityData.swift */,
			);
			path = rate_swiftui;
			sourceTree = "<group>";
		};
		4E467BCB236AEDF900859DFB /* signup */ = {
			isa = PBXGroup;
			children = (
				4E467BCC236AEE1800859DFB /* SignupViewController.swift */,
				4E467BCE236B2A5500859DFB /* SignupViewModel.swift */,
				4E467BDA236BB66800859DFB /* SignupNotifier.swift */,
			);
			path = signup;
			sourceTree = "<group>";
		};
		4E467BD4236BAE2900859DFB /* service */ = {
			isa = PBXGroup;
			children = (
				4EFEA1C82356271E00C2C102 /* Notifier.swift */,
				4EFEA1CA2356276100C2C102 /* SubcriberDelegate.swift */,
				4EFEA1C6235626EE00C2C102 /* NetworkService.swift */,
				4EF9BCE62390495100AC622D /* CacheManager.swift */,
			);
			path = service;
			sourceTree = "<group>";
		};
		4E467BD7236BB28800859DFB /* auth */ = {
			isa = PBXGroup;
			children = (
				4E467BD8236BB29D00859DFB /* AuthViewController.swift */,
				4E467BE5236F716300859DFB /* AuthViewModel.swift */,
				4E467BDC236C68AA00859DFB /* AuthRepository.swift */,
				4E467BDE236C9FFB00859DFB /* User.swift */,
				4E467BE7236F766400859DFB /* AuthNotifier.swift */,
				4EF66D442379C2FB009500ED /* UserObj.swift */,
			);
			path = auth;
			sourceTree = "<group>";
		};
		4E467BE2236DA67300859DFB /* profile */ = {
			isa = PBXGroup;
			children = (
				4E467BE3236DA6A100859DFB /* ProfileViewController.swift */,
			);
			path = profile;
			sourceTree = "<group>";
		};
		4E4E13B523804C0900950682 /* clear */ = {
			isa = PBXGroup;
			children = (
				4E4E13B623804C2000950682 /* ClearViewController.swift */,
			);
			path = clear;
			sourceTree = "<group>";
		};
		4EEF54EE235A33DA007F236C /* info */ = {
			isa = PBXGroup;
			children = (
				4EEF54EF235A33F6007F236C /* InfoViewModel.swift */,
				4E3BCD55235A896000889230 /* InfoViewController.swift */,
				4E3BCD57235B31BB00889230 /* PokemonInfo.swift */,
				4E6799EB238175AA00E313D5 /* ClearNotifier.swift */,
				4E679A03238749A500E313D5 /* InfoConverter.swift */,
				4E679A0523874B0000E313D5 /* PokemonInfoRepository.swift */,
				4E679A0923896DA600E313D5 /* ChainNotifier.swift */,
				4E679A0B2389A8DE00E313D5 /* InfoNotifier.swift */,
			);
			path = info;
			sourceTree = "<group>";
		};
		4EF66D4C237C1831009500ED /* rate */ = {
			isa = PBXGroup;
			children = (
				4EF66D4D237C18B7009500ED /* RateViewController.swift */,
				4EF66D53237C850E009500ED /* RateViewModel.swift */,
				4EF66D4F237C201C009500ED /* PokemonSpecies.swift */,
				4EF66D51237C840F009500ED /* PokemonChain.swift */,
				4EF66D55237CAE51009500ED /* RateNotifier.swift */,
				4EF66D57237D9451009500ED /* RateCell.swift */,
				4EF66D59237DAB78009500ED /* BundleDeliver.swift */,
				4EF66D5B237ED117009500ED /* TransitionDelegate.swift */,
				4EF66D5D237EDA67009500ED /* FadePushAnimator.swift */,
			);
			path = rate;
			sourceTree = "<group>";
		};
		4EFEA1D423574A2800C2C102 /* type_cell */ = {
			isa = PBXGroup;
			children = (
				4EFEA1D22356567E00C2C102 /* TypeLabel.swift */,
				4EFEA1D52357929800C2C102 /* TypeCollectionViewCell.swift */,
				4EEF54EC235A045B007F236C /* TypeCase.swift */,
			);
			path = type_cell;
			sourceTree = "<group>";
		};
		AE9C97B3C170D5DF94F4C622 /* Frameworks */ = {
			isa = PBXGroup;
			children = (
				A4A55BE5DB2681FEB77B703B /* Pods_pokedexapp.framework */,
			);
			name = Frameworks;
			sourceTree = "<group>";
		};
/* End PBXGroup section */

/* Begin PBXNativeTarget section */
		4E023F812347E29A00DCC80D /* pokedexapp */ = {
			isa = PBXNativeTarget;
			buildConfigurationList = 4E023F972347E29B00DCC80D /* Build configuration list for PBXNativeTarget "pokedexapp" */;
			buildPhases = (
				1B6C1803EFC72A030340944A /* [CP] Check Pods Manifest.lock */,
				4E023F7E2347E29A00DCC80D /* Sources */,
				4E023F7F2347E29A00DCC80D /* Frameworks */,
				4E023F802347E29A00DCC80D /* Resources */,
				1F29AD8A5348483A73C3246C /* [CP] Embed Pods Frameworks */,
				4EC69E4623A181130079B778 /* ShellScript */,
			);
			buildRules = (
			);
			dependencies = (
			);
			name = pokedexapp;
			productName = pokedexapp;
			productReference = 4E023F822347E29A00DCC80D /* pokedexapp.app */;
			productType = "com.apple.product-type.application";
		};
/* End PBXNativeTarget section */

/* Begin PBXProject section */
		4E023F7A2347E29A00DCC80D /* Project object */ = {
			isa = PBXProject;
			attributes = {
				LastSwiftUpdateCheck = 1030;
				LastUpgradeCheck = 1030;
				ORGANIZATIONNAME = Paulik;
				TargetAttributes = {
					4E023F812347E29A00DCC80D = {
						CreatedOnToolsVersion = 10.3;
					};
				};
			};
			buildConfigurationList = 4E023F7D2347E29A00DCC80D /* Build configuration list for PBXProject "pokedexapp" */;
			compatibilityVersion = "Xcode 9.3";
			developmentRegion = en;
			hasScannedForEncodings = 0;
			knownRegions = (
				en,
				Base,
			);
			mainGroup = 4E023F792347E29A00DCC80D;
			productRefGroup = 4E023F832347E29A00DCC80D /* Products */;
			projectDirPath = "";
			projectRoot = "";
			targets = (
				4E023F812347E29A00DCC80D /* pokedexapp */,
			);
		};
/* End PBXProject section */

/* Begin PBXResourcesBuildPhase section */
		4E023F802347E29A00DCC80D /* Resources */ = {
			isa = PBXResourcesBuildPhase;
			buildActionMask = 2147483647;
			files = (
				4EC69E4823A18FC90079B778 /* GoogleService-Info.plist in Resources */,
				4E023F932347E29B00DCC80D /* LaunchScreen.storyboard in Resources */,
				4E023F902347E29B00DCC80D /* Assets.xcassets in Resources */,
			);
			runOnlyForDeploymentPostprocessing = 0;
		};
/* End PBXResourcesBuildPhase section */

/* Begin PBXShellScriptBuildPhase section */
		1B6C1803EFC72A030340944A /* [CP] Check Pods Manifest.lock */ = {
			isa = PBXShellScriptBuildPhase;
			buildActionMask = 2147483647;
			files = (
			);
			inputFileListPaths = (
			);
			inputPaths = (
				"${PODS_PODFILE_DIR_PATH}/Podfile.lock",
				"${PODS_ROOT}/Manifest.lock",
			);
			name = "[CP] Check Pods Manifest.lock";
			outputFileListPaths = (
			);
			outputPaths = (
				"$(DERIVED_FILE_DIR)/Pods-pokedexapp-checkManifestLockResult.txt",
			);
			runOnlyForDeploymentPostprocessing = 0;
			shellPath = /bin/sh;
			shellScript = "diff \"${PODS_PODFILE_DIR_PATH}/Podfile.lock\" \"${PODS_ROOT}/Manifest.lock\" > /dev/null\nif [ $? != 0 ] ; then\n    # print error to STDERR\n    echo \"error: The sandbox is not in sync with the Podfile.lock. Run 'pod install' or update your CocoaPods installation.\" >&2\n    exit 1\nfi\n# This output is used by Xcode 'outputs' to avoid re-running this script phase.\necho \"SUCCESS\" > \"${SCRIPT_OUTPUT_FILE_0}\"\n";
			showEnvVarsInLog = 0;
		};
		1F29AD8A5348483A73C3246C /* [CP] Embed Pods Frameworks */ = {
			isa = PBXShellScriptBuildPhase;
			buildActionMask = 2147483647;
			files = (
			);
			inputFileListPaths = (
				"${PODS_ROOT}/Target Support Files/Pods-pokedexapp/Pods-pokedexapp-frameworks-${CONFIGURATION}-input-files.xcfilelist",
			);
			name = "[CP] Embed Pods Frameworks";
			outputFileListPaths = (
				"${PODS_ROOT}/Target Support Files/Pods-pokedexapp/Pods-pokedexapp-frameworks-${CONFIGURATION}-output-files.xcfilelist",
			);
			runOnlyForDeploymentPostprocessing = 0;
			shellPath = /bin/sh;
			shellScript = "\"${PODS_ROOT}/Target Support Files/Pods-pokedexapp/Pods-pokedexapp-frameworks.sh\"\n";
			showEnvVarsInLog = 0;
		};
		4EC69E4623A181130079B778 /* ShellScript */ = {
			isa = PBXShellScriptBuildPhase;
			buildActionMask = 2147483647;
			files = (
			);
			inputFileListPaths = (
			);
			inputPaths = (
				"$(SRCROOT)/$(BUILT_PRODUCTS_DIR)/$(INFOPLIST_PATH)",
			);
			outputFileListPaths = (
			);
			outputPaths = (
			);
			runOnlyForDeploymentPostprocessing = 0;
			shellPath = /bin/sh;
			shellScript = "\"${PODS_ROOT}/Fabric/run\"\n";
		};
/* End PBXShellScriptBuildPhase section */

/* Begin PBXSourcesBuildPhase section */
		4E023F7E2347E29A00DCC80D /* Sources */ = {
			isa = PBXSourcesBuildPhase;
			buildActionMask = 2147483647;
			files = (
				4E467BCF236B2A5500859DFB /* SignupViewModel.swift in Sources */,
				4E467BDD236C68AA00859DFB /* AuthRepository.swift in Sources */,
				4E467BDB236BB66800859DFB /* SignupNotifier.swift in Sources */,
				4E0E02CB235F646B00AFF7A5 /* LoginViewController.swift in Sources */,
				4E6799EC238175AA00E313D5 /* ClearNotifier.swift in Sources */,
				4E6799F82382C7F500E313D5 /* ChainData.swift in Sources */,
				4EFEA1D12356361000C2C102 /* URLExtenstion.swift in Sources */,
				4E679A002386DD1600E313D5 /* MainPokemonConverter.swift in Sources */,
				4E0E02CD235F651800AFF7A5 /* LoginViewModel.swift in Sources */,
				4E023F9C2347FBAB00DCC80D /* MainListViewController.swift in Sources */,
				4EF497C52361D13A006EC6FB /* AuthTextField.swift in Sources */,
				4E679A0A23896DA600E313D5 /* ChainNotifier.swift in Sources */,
				4E467BE6236F716300859DFB /* AuthViewModel.swift in Sources */,
				4EF66D56237CAE51009500ED /* RateNotifier.swift in Sources */,
				4E467BE8236F766400859DFB /* AuthNotifier.swift in Sources */,
				4ED21B92238B1B080048F7EC /* ComplexRateView.swift in Sources */,
				4EFEA1CD2356278800C2C102 /* Pokemon.swift in Sources */,
				4EFEA1C92356271E00C2C102 /* Notifier.swift in Sources */,
				4EF66D5A237DAB78009500ED /* BundleDeliver.swift in Sources */,
				4E467BD1236B2B6600859DFB /* AuthLabel.swift in Sources */,
				4EF66D54237C850E009500ED /* RateViewModel.swift in Sources */,
				4EFC71002364B492009C78E7 /* LoginNotifier.swift in Sources */,
				4E467BD3236B2C8D00859DFB /* AuthButton.swift in Sources */,
				4E6799FC2386DABD00E313D5 /* MainPokemonRepository.swift in Sources */,
				4EF66D4B237B515D009500ED /* LoginNavigationController.swift in Sources */,
				4EFEA1CB2356276100C2C102 /* SubcriberDelegate.swift in Sources */,
				4EEF54F0235A33F6007F236C /* InfoViewModel.swift in Sources */,
				4E6799FE2386DCAF00E313D5 /* PokemonData.swift in Sources */,
				4EF66D58237D9451009500ED /* RateCell.swift in Sources */,
				4E6799EE2381923B00E313D5 /* PokemonStats.swift in Sources */,
				4E94CC1423719CAF001A5367 /* StripView.swift in Sources */,
				4EEC861723757D6A00A6C950 /* ErrorHandler.swift in Sources */,
				4E3BCD58235B31BB00889230 /* PokemonInfo.swift in Sources */,
				4E679A082387502A00E313D5 /* MainConverter.swift in Sources */,
				4EEF54ED235A045B007F236C /* TypeCase.swift in Sources */,
				4E6799FA2382CAF600E313D5 /* PageControl.swift in Sources */,
				4EFEA1D32356567E00C2C102 /* TypeLabel.swift in Sources */,
				4EFEA1CF235627AE00C2C102 /* PokemonListTableViewCell.swift in Sources */,
				4E6799F22381CBCF00E313D5 /* SpeciesData.swift in Sources */,
				4E6799F02381CAA500E313D5 /* StatData.swift in Sources */,
				4EF66D5C237ED117009500ED /* TransitionDelegate.swift in Sources */,
				4E3972A2237F19B500AA7D3A /* RateView.swift in Sources */,
				4E679A0C2389A8DE00E313D5 /* InfoNotifier.swift in Sources */,
				4E023F862347E29A00DCC80D /* AppDelegate.swift in Sources */,
				4EF66D4E237C18B7009500ED /* RateViewController.swift in Sources */,
				4EF66D52237C840F009500ED /* PokemonChain.swift in Sources */,
				4E4E13B723804C2000950682 /* ClearViewController.swift in Sources */,
				4E6799F423821CCE00E313D5 /* ImageLoader.swift in Sources */,
				4EFEA1D823587CBD00C2C102 /* Colors.swift in Sources */,
				4EFEA1D62357929800C2C102 /* TypeCollectionViewCell.swift in Sources */,
				4E467BE1236CFD9D00859DFB /* NavigationConstants.swift in Sources */,
				4ED21B90238AFD790048F7EC /* PageViewController.swift in Sources */,
				4EC69E5623AC33020079B778 /* AbilityData.swift in Sources */,
				4E3972A4237F1B2C00AA7D3A /* Card.swift in Sources */,
				4EF66D5E237EDA67009500ED /* FadePushAnimator.swift in Sources */,
				4E33367A235DFE1C0083F105 /* Converter.swift in Sources */,
				4EFEA1C7235626EE00C2C102 /* NetworkService.swift in Sources */,
				4EA771AE2378BA3A00BEDF05 /* PasswordTextField.swift in Sources */,
				4EF66D50237C201C009500ED /* PokemonSpecies.swift in Sources */,
				4E3733FC235B3B4200044E3B /* ContainerElementView.swift in Sources */,
				4EFC7102236A101A009C78E7 /* MainNotifier.swift in Sources */,
				4E467BCD236AEE1800859DFB /* SignupViewController.swift in Sources */,
				4E023F8E2347E29A00DCC80D /* pokedexapp.xcdatamodeld in Sources */,
				4E3BCD56235A896000889230 /* InfoViewController.swift in Sources */,
				4EF66D452379C2FB009500ED /* UserObj.swift in Sources */,
				4EFEA1C5235624D000C2C102 /* MainViewModel.swift in Sources */,
				4E4E13B2237FF9CC00950682 /* RateNewViewModel.swift in Sources */,
				4E467BE4236DA6A100859DFB /* ProfileViewController.swift in Sources */,
				4E467BD9236BB29D00859DFB /* AuthViewController.swift in Sources */,
				4EA771B02378C1CA00BEDF05 /* PasswordClickListener.swift in Sources */,
				4E467BDF236C9FFB00859DFB /* User.swift in Sources */,
				4EF9BCE72390495100AC622D /* CacheManager.swift in Sources */,
				4E679A04238749A500E313D5 /* InfoConverter.swift in Sources */,
				4E679A0623874B0000E313D5 /* PokemonInfoRepository.swift in Sources */,
			);
			runOnlyForDeploymentPostprocessing = 0;
		};
/* End PBXSourcesBuildPhase section */

/* Begin PBXVariantGroup section */
		4E023F912347E29B00DCC80D /* LaunchScreen.storyboard */ = {
			isa = PBXVariantGroup;
			children = (
				4E023F922347E29B00DCC80D /* Base */,
			);
			name = LaunchScreen.storyboard;
			sourceTree = "<group>";
		};
/* End PBXVariantGroup section */

/* Begin XCBuildConfiguration section */
		4E023F952347E29B00DCC80D /* Debug */ = {
			isa = XCBuildConfiguration;
			buildSettings = {
				ALWAYS_SEARCH_USER_PATHS = NO;
				CLANG_ANALYZER_NONNULL = YES;
				CLANG_ANALYZER_NUMBER_OBJECT_CONVERSION = YES_AGGRESSIVE;
				CLANG_CXX_LANGUAGE_STANDARD = "gnu++14";
				CLANG_CXX_LIBRARY = "libc++";
				CLANG_ENABLE_MODULES = YES;
				CLANG_ENABLE_OBJC_ARC = YES;
				CLANG_ENABLE_OBJC_WEAK = YES;
				CLANG_WARN_BLOCK_CAPTURE_AUTORELEASING = YES;
				CLANG_WARN_BOOL_CONVERSION = YES;
				CLANG_WARN_COMMA = YES;
				CLANG_WARN_CONSTANT_CONVERSION = YES;
				CLANG_WARN_DEPRECATED_OBJC_IMPLEMENTATIONS = YES;
				CLANG_WARN_DIRECT_OBJC_ISA_USAGE = YES_ERROR;
				CLANG_WARN_DOCUMENTATION_COMMENTS = YES;
				CLANG_WARN_EMPTY_BODY = YES;
				CLANG_WARN_ENUM_CONVERSION = YES;
				CLANG_WARN_INFINITE_RECURSION = YES;
				CLANG_WARN_INT_CONVERSION = YES;
				CLANG_WARN_NON_LITERAL_NULL_CONVERSION = YES;
				CLANG_WARN_OBJC_IMPLICIT_RETAIN_SELF = YES;
				CLANG_WARN_OBJC_LITERAL_CONVERSION = YES;
				CLANG_WARN_OBJC_ROOT_CLASS = YES_ERROR;
				CLANG_WARN_RANGE_LOOP_ANALYSIS = YES;
				CLANG_WARN_STRICT_PROTOTYPES = YES;
				CLANG_WARN_SUSPICIOUS_MOVE = YES;
				CLANG_WARN_UNGUARDED_AVAILABILITY = YES_AGGRESSIVE;
				CLANG_WARN_UNREACHABLE_CODE = YES;
				CLANG_WARN__DUPLICATE_METHOD_MATCH = YES;
				CODE_SIGN_IDENTITY = "iPhone Developer";
				COPY_PHASE_STRIP = NO;
				DEBUG_INFORMATION_FORMAT = dwarf;
				ENABLE_STRICT_OBJC_MSGSEND = YES;
				ENABLE_TESTABILITY = YES;
				GCC_C_LANGUAGE_STANDARD = gnu11;
				GCC_DYNAMIC_NO_PIC = NO;
				GCC_NO_COMMON_BLOCKS = YES;
				GCC_OPTIMIZATION_LEVEL = 0;
				GCC_PREPROCESSOR_DEFINITIONS = (
					"DEBUG=1",
					"$(inherited)",
				);
				GCC_WARN_64_TO_32_BIT_CONVERSION = YES;
				GCC_WARN_ABOUT_RETURN_TYPE = YES_ERROR;
				GCC_WARN_UNDECLARED_SELECTOR = YES;
				GCC_WARN_UNINITIALIZED_AUTOS = YES_AGGRESSIVE;
				GCC_WARN_UNUSED_FUNCTION = YES;
				GCC_WARN_UNUSED_VARIABLE = YES;
				IPHONEOS_DEPLOYMENT_TARGET = 13.0;
				MTL_ENABLE_DEBUG_INFO = INCLUDE_SOURCE;
				MTL_FAST_MATH = YES;
				ONLY_ACTIVE_ARCH = YES;
				SDKROOT = iphoneos;
				SWIFT_ACTIVE_COMPILATION_CONDITIONS = DEBUG;
				SWIFT_OPTIMIZATION_LEVEL = "-Onone";
			};
			name = Debug;
		};
		4E023F962347E29B00DCC80D /* Release */ = {
			isa = XCBuildConfiguration;
			buildSettings = {
				ALWAYS_SEARCH_USER_PATHS = NO;
				CLANG_ANALYZER_NONNULL = YES;
				CLANG_ANALYZER_NUMBER_OBJECT_CONVERSION = YES_AGGRESSIVE;
				CLANG_CXX_LANGUAGE_STANDARD = "gnu++14";
				CLANG_CXX_LIBRARY = "libc++";
				CLANG_ENABLE_MODULES = YES;
				CLANG_ENABLE_OBJC_ARC = YES;
				CLANG_ENABLE_OBJC_WEAK = YES;
				CLANG_WARN_BLOCK_CAPTURE_AUTORELEASING = YES;
				CLANG_WARN_BOOL_CONVERSION = YES;
				CLANG_WARN_COMMA = YES;
				CLANG_WARN_CONSTANT_CONVERSION = YES;
				CLANG_WARN_DEPRECATED_OBJC_IMPLEMENTATIONS = YES;
				CLANG_WARN_DIRECT_OBJC_ISA_USAGE = YES_ERROR;
				CLANG_WARN_DOCUMENTATION_COMMENTS = YES;
				CLANG_WARN_EMPTY_BODY = YES;
				CLANG_WARN_ENUM_CONVERSION = YES;
				CLANG_WARN_INFINITE_RECURSION = YES;
				CLANG_WARN_INT_CONVERSION = YES;
				CLANG_WARN_NON_LITERAL_NULL_CONVERSION = YES;
				CLANG_WARN_OBJC_IMPLICIT_RETAIN_SELF = YES;
				CLANG_WARN_OBJC_LITERAL_CONVERSION = YES;
				CLANG_WARN_OBJC_ROOT_CLASS = YES_ERROR;
				CLANG_WARN_RANGE_LOOP_ANALYSIS = YES;
				CLANG_WARN_STRICT_PROTOTYPES = YES;
				CLANG_WARN_SUSPICIOUS_MOVE = YES;
				CLANG_WARN_UNGUARDED_AVAILABILITY = YES_AGGRESSIVE;
				CLANG_WARN_UNREACHABLE_CODE = YES;
				CLANG_WARN__DUPLICATE_METHOD_MATCH = YES;
				CODE_SIGN_IDENTITY = "iPhone Developer";
				COPY_PHASE_STRIP = NO;
				DEBUG_INFORMATION_FORMAT = "dwarf-with-dsym";
				ENABLE_NS_ASSERTIONS = NO;
				ENABLE_STRICT_OBJC_MSGSEND = YES;
				GCC_C_LANGUAGE_STANDARD = gnu11;
				GCC_NO_COMMON_BLOCKS = YES;
				GCC_WARN_64_TO_32_BIT_CONVERSION = YES;
				GCC_WARN_ABOUT_RETURN_TYPE = YES_ERROR;
				GCC_WARN_UNDECLARED_SELECTOR = YES;
				GCC_WARN_UNINITIALIZED_AUTOS = YES_AGGRESSIVE;
				GCC_WARN_UNUSED_FUNCTION = YES;
				GCC_WARN_UNUSED_VARIABLE = YES;
				IPHONEOS_DEPLOYMENT_TARGET = 13.0;
				MTL_ENABLE_DEBUG_INFO = NO;
				MTL_FAST_MATH = YES;
				SDKROOT = iphoneos;
				SWIFT_COMPILATION_MODE = wholemodule;
				SWIFT_OPTIMIZATION_LEVEL = "-O";
				VALIDATE_PRODUCT = YES;
			};
			name = Release;
		};
		4E023F982347E29B00DCC80D /* Debug */ = {
			isa = XCBuildConfiguration;
			baseConfigurationReference = 3F677C73845B662288621F05 /* Pods-pokedexapp.debug.xcconfig */;
			buildSettings = {
				ASSETCATALOG_COMPILER_APPICON_NAME = AppIcon;
				CODE_SIGN_STYLE = Automatic;
				DEBUG_INFORMATION_FORMAT = "dwarf-with-dsym";
				DEVELOPMENT_TEAM = RGCZ7QD8M2;
				INFOPLIST_FILE = pokedexapp/Info.plist;
				IPHONEOS_DEPLOYMENT_TARGET = 13.1;
				LD_RUNPATH_SEARCH_PATHS = (
					"$(inherited)",
					"@executable_path/Frameworks",
				);
				PRODUCT_BUNDLE_IDENTIFIER = p.khotin.pokedexapp;
				PRODUCT_NAME = "$(TARGET_NAME)";
				SWIFT_VERSION = 5.0;
				TARGETED_DEVICE_FAMILY = "1,2";
			};
			name = Debug;
		};
		4E023F992347E29B00DCC80D /* Release */ = {
			isa = XCBuildConfiguration;
			baseConfigurationReference = B7DC53854AA5C454938F4908 /* Pods-pokedexapp.release.xcconfig */;
			buildSettings = {
				ASSETCATALOG_COMPILER_APPICON_NAME = AppIcon;
				CODE_SIGN_STYLE = Automatic;
				DEVELOPMENT_TEAM = RGCZ7QD8M2;
				INFOPLIST_FILE = pokedexapp/Info.plist;
				IPHONEOS_DEPLOYMENT_TARGET = 13.1;
				LD_RUNPATH_SEARCH_PATHS = (
					"$(inherited)",
					"@executable_path/Frameworks",
				);
				PRODUCT_BUNDLE_IDENTIFIER = p.khotin.pokedexapp;
				PRODUCT_NAME = "$(TARGET_NAME)";
				SWIFT_VERSION = 5.0;
				TARGETED_DEVICE_FAMILY = "1,2";
			};
			name = Release;
		};
/* End XCBuildConfiguration section */

/* Begin XCConfigurationList section */
		4E023F7D2347E29A00DCC80D /* Build configuration list for PBXProject "pokedexapp" */ = {
			isa = XCConfigurationList;
			buildConfigurations = (
				4E023F952347E29B00DCC80D /* Debug */,
				4E023F962347E29B00DCC80D /* Release */,
			);
			defaultConfigurationIsVisible = 0;
			defaultConfigurationName = Release;
		};
		4E023F972347E29B00DCC80D /* Build configuration list for PBXNativeTarget "pokedexapp" */ = {
			isa = XCConfigurationList;
			buildConfigurations = (
				4E023F982347E29B00DCC80D /* Debug */,
				4E023F992347E29B00DCC80D /* Release */,
			);
			defaultConfigurationIsVisible = 0;
			defaultConfigurationName = Release;
		};
/* End XCConfigurationList section */

/* Begin XCVersionGroup section */
		4E023F8C2347E29A00DCC80D /* pokedexapp.xcdatamodeld */ = {
			isa = XCVersionGroup;
			children = (
				4E023F8D2347E29A00DCC80D /* pokedexapp.xcdatamodel */,
			);
			currentVersion = 4E023F8D2347E29A00DCC80D /* pokedexapp.xcdatamodel */;
			path = pokedexapp.xcdatamodeld;
			sourceTree = "<group>";
			versionGroupType = wrapper.xcdatamodel;
		};
/* End XCVersionGroup section */
	};
	rootObject = 4E023F7A2347E29A00DCC80D /* Project object */;
}
