// !$*UTF8*$!
{
	archiveVersion = 1;
	classes = {
	};
	objectVersion = 50;
	objects = {

/* Begin PBXBuildFile section */
		4E023F862347E29A00DCC80D /* AppDelegate.swift in Sources */ = {isa = PBXBuildFile; fileRef = 4E023F852347E29A00DCC80D /* AppDelegate.swift */; };
		4E023F8E2347E29A00DCC80D /* pokedexapp.xcdatamodeld in Sources */ = {isa = PBXBuildFile; fileRef = 4E023F8C2347E29A00DCC80D /* pokedexapp.xcdatamodeld */; };
		4E023F902347E29B00DCC80D /* Assets.xcassets in Resources */ = {isa = PBXBuildFile; fileRef = 4E023F8F2347E29B00DCC80D /* Assets.xcassets */; };
		4E023F932347E29B00DCC80D /* LaunchScreen.storyboard in Resources */ = {isa = PBXBuildFile; fileRef = 4E023F912347E29B00DCC80D /* LaunchScreen.storyboard */; };
		4E023F9C2347FBAB00DCC80D /* MainListViewController.swift in Sources */ = {isa = PBXBuildFile; fileRef = 4E023F9B2347FBAB00DCC80D /* MainListViewController.swift */; };
		4EFEA1C5235624D000C2C102 /* MainViewModel.swift in Sources */ = {isa = PBXBuildFile; fileRef = 4EFEA1C4235624D000C2C102 /* MainViewModel.swift */; };
		4EFEA1C7235626EE00C2C102 /* Service.swift in Sources */ = {isa = PBXBuildFile; fileRef = 4EFEA1C6235626EE00C2C102 /* Service.swift */; };
		4EFEA1C92356271E00C2C102 /* Notifier.swift in Sources */ = {isa = PBXBuildFile; fileRef = 4EFEA1C82356271E00C2C102 /* Notifier.swift */; };
		4EFEA1CB2356276100C2C102 /* SubcriberDelegate.swift in Sources */ = {isa = PBXBuildFile; fileRef = 4EFEA1CA2356276100C2C102 /* SubcriberDelegate.swift */; };
		4EFEA1CD2356278800C2C102 /* Pokemon.swift in Sources */ = {isa = PBXBuildFile; fileRef = 4EFEA1CC2356278800C2C102 /* Pokemon.swift */; };
		4EFEA1CF235627AE00C2C102 /* PokemonListTableViewCell.swift in Sources */ = {isa = PBXBuildFile; fileRef = 4EFEA1CE235627AE00C2C102 /* PokemonListTableViewCell.swift */; };
		4EFEA1D12356361000C2C102 /* URLExtenstion.swift in Sources */ = {isa = PBXBuildFile; fileRef = 4EFEA1D02356361000C2C102 /* URLExtenstion.swift */; };
/* End PBXBuildFile section */

/* Begin PBXFileReference section */
		4E023F822347E29A00DCC80D /* pokedexapp.app */ = {isa = PBXFileReference; explicitFileType = wrapper.application; includeInIndex = 0; path = pokedexapp.app; sourceTree = BUILT_PRODUCTS_DIR; };
		4E023F852347E29A00DCC80D /* AppDelegate.swift */ = {isa = PBXFileReference; lastKnownFileType = sourcecode.swift; path = AppDelegate.swift; sourceTree = "<group>"; };
		4E023F8D2347E29A00DCC80D /* pokedexapp.xcdatamodel */ = {isa = PBXFileReference; lastKnownFileType = wrapper.xcdatamodel; path = pokedexapp.xcdatamodel; sourceTree = "<group>"; };
		4E023F8F2347E29B00DCC80D /* Assets.xcassets */ = {isa = PBXFileReference; lastKnownFileType = folder.assetcatalog; path = Assets.xcassets; sourceTree = "<group>"; };
		4E023F922347E29B00DCC80D /* Base */ = {isa = PBXFileReference; lastKnownFileType = file.storyboard; name = Base; path = Base.lproj/LaunchScreen.storyboard; sourceTree = "<group>"; };
		4E023F942347E29B00DCC80D /* Info.plist */ = {isa = PBXFileReference; lastKnownFileType = text.plist.xml; path = Info.plist; sourceTree = "<group>"; };
		4E023F9B2347FBAB00DCC80D /* MainListViewController.swift */ = {isa = PBXFileReference; lastKnownFileType = sourcecode.swift; path = MainListViewController.swift; sourceTree = "<group>"; };
		4EFEA1C4235624D000C2C102 /* MainViewModel.swift */ = {isa = PBXFileReference; lastKnownFileType = sourcecode.swift; path = MainViewModel.swift; sourceTree = "<group>"; };
		4EFEA1C6235626EE00C2C102 /* Service.swift */ = {isa = PBXFileReference; lastKnownFileType = sourcecode.swift; path = Service.swift; sourceTree = "<group>"; };
		4EFEA1C82356271E00C2C102 /* Notifier.swift */ = {isa = PBXFileReference; lastKnownFileType = sourcecode.swift; path = Notifier.swift; sourceTree = "<group>"; };
		4EFEA1CA2356276100C2C102 /* SubcriberDelegate.swift */ = {isa = PBXFileReference; lastKnownFileType = sourcecode.swift; path = SubcriberDelegate.swift; sourceTree = "<group>"; };
		4EFEA1CC2356278800C2C102 /* Pokemon.swift */ = {isa = PBXFileReference; lastKnownFileType = sourcecode.swift; path = Pokemon.swift; sourceTree = "<group>"; };
		4EFEA1CE235627AE00C2C102 /* PokemonListTableViewCell.swift */ = {isa = PBXFileReference; lastKnownFileType = sourcecode.swift; path = PokemonListTableViewCell.swift; sourceTree = "<group>"; };
		4EFEA1D02356361000C2C102 /* URLExtenstion.swift */ = {isa = PBXFileReference; lastKnownFileType = sourcecode.swift; path = URLExtenstion.swift; sourceTree = "<group>"; };
/* End PBXFileReference section */

/* Begin PBXFrameworksBuildPhase section */
		4E023F7F2347E29A00DCC80D /* Frameworks */ = {
			isa = PBXFrameworksBuildPhase;
			buildActionMask = 2147483647;
			files = (
			);
			runOnlyForDeploymentPostprocessing = 0;
		};
/* End PBXFrameworksBuildPhase section */

/* Begin PBXGroup section */
		4E023F792347E29A00DCC80D = {
			isa = PBXGroup;
			children = (
				4E023F842347E29A00DCC80D /* pokedexapp */,
				4E023F832347E29A00DCC80D /* Products */,
			);
			sourceTree = "<group>";
		};
		4E023F832347E29A00DCC80D /* Products */ = {
			isa = PBXGroup;
			children = (
				4E023F822347E29A00DCC80D /* pokedexapp.app */,
			);
			name = Products;
			sourceTree = "<group>";
		};
		4E023F842347E29A00DCC80D /* pokedexapp */ = {
			isa = PBXGroup;
			children = (
				4EFEA1D02356361000C2C102 /* URLExtenstion.swift */,
				4EFEA1CA2356276100C2C102 /* SubcriberDelegate.swift */,
				4EFEA1C82356271E00C2C102 /* Notifier.swift */,
				4EFEA1C6235626EE00C2C102 /* Service.swift */,
				4E023F9A2347FB5E00DCC80D /* main_list */,
				4E023F852347E29A00DCC80D /* AppDelegate.swift */,
				4E023F8F2347E29B00DCC80D /* Assets.xcassets */,
				4E023F912347E29B00DCC80D /* LaunchScreen.storyboard */,
				4E023F942347E29B00DCC80D /* Info.plist */,
				4E023F8C2347E29A00DCC80D /* pokedexapp.xcdatamodeld */,
			);
			path = pokedexapp;
			sourceTree = "<group>";
		};
		4E023F9A2347FB5E00DCC80D /* main_list */ = {
			isa = PBXGroup;
			children = (
				4E023F9B2347FBAB00DCC80D /* MainListViewController.swift */,
				4EFEA1C4235624D000C2C102 /* MainViewModel.swift */,
				4EFEA1CC2356278800C2C102 /* Pokemon.swift */,
				4EFEA1CE235627AE00C2C102 /* PokemonListTableViewCell.swift */,
			);
			path = main_list;
			sourceTree = "<group>";
		};
/* End PBXGroup section */

/* Begin PBXNativeTarget section */
		4E023F812347E29A00DCC80D /* pokedexapp */ = {
			isa = PBXNativeTarget;
			buildConfigurationList = 4E023F972347E29B00DCC80D /* Build configuration list for PBXNativeTarget "pokedexapp" */;
			buildPhases = (
				4E023F7E2347E29A00DCC80D /* Sources */,
				4E023F7F2347E29A00DCC80D /* Frameworks */,
				4E023F802347E29A00DCC80D /* Resources */,
			);
			buildRules = (
			);
			dependencies = (
			);
			name = pokedexapp;
			productName = pokedexapp;
			productReference = 4E023F822347E29A00DCC80D /* pokedexapp.app */;
			productType = "com.apple.product-type.application";
		};
/* End PBXNativeTarget section */

/* Begin PBXProject section */
		4E023F7A2347E29A00DCC80D /* Project object */ = {
			isa = PBXProject;
			attributes = {
				LastSwiftUpdateCheck = 1030;
				LastUpgradeCheck = 1030;
				ORGANIZATIONNAME = Paulik;
				TargetAttributes = {
					4E023F812347E29A00DCC80D = {
						CreatedOnToolsVersion = 10.3;
					};
				};
			};
			buildConfigurationList = 4E023F7D2347E29A00DCC80D /* Build configuration list for PBXProject "pokedexapp" */;
			compatibilityVersion = "Xcode 9.3";
			developmentRegion = en;
			hasScannedForEncodings = 0;
			knownRegions = (
				en,
				Base,
			);
			mainGroup = 4E023F792347E29A00DCC80D;
			productRefGroup = 4E023F832347E29A00DCC80D /* Products */;
			projectDirPath = "";
			projectRoot = "";
			targets = (
				4E023F812347E29A00DCC80D /* pokedexapp */,
			);
		};
/* End PBXProject section */

/* Begin PBXResourcesBuildPhase section */
		4E023F802347E29A00DCC80D /* Resources */ = {
			isa = PBXResourcesBuildPhase;
			buildActionMask = 2147483647;
			files = (
				4E023F932347E29B00DCC80D /* LaunchScreen.storyboard in Resources */,
				4E023F902347E29B00DCC80D /* Assets.xcassets in Resources */,
			);
			runOnlyForDeploymentPostprocessing = 0;
		};
/* End PBXResourcesBuildPhase section */

/* Begin PBXSourcesBuildPhase section */
		4E023F7E2347E29A00DCC80D /* Sources */ = {
			isa = PBXSourcesBuildPhase;
			buildActionMask = 2147483647;
			files = (
				4EFEA1D12356361000C2C102 /* URLExtenstion.swift in Sources */,
				4E023F9C2347FBAB00DCC80D /* MainListViewController.swift in Sources */,
				4EFEA1CD2356278800C2C102 /* Pokemon.swift in Sources */,
				4EFEA1C92356271E00C2C102 /* Notifier.swift in Sources */,
				4EFEA1CB2356276100C2C102 /* SubcriberDelegate.swift in Sources */,
				4EFEA1CF235627AE00C2C102 /* PokemonListTableViewCell.swift in Sources */,
				4E023F862347E29A00DCC80D /* AppDelegate.swift in Sources */,
				4EFEA1C7235626EE00C2C102 /* Service.swift in Sources */,
				4E023F8E2347E29A00DCC80D /* pokedexapp.xcdatamodeld in Sources */,
				4EFEA1C5235624D000C2C102 /* MainViewModel.swift in Sources */,
			);
			runOnlyForDeploymentPostprocessing = 0;
		};
/* End PBXSourcesBuildPhase section */

/* Begin PBXVariantGroup section */
		4E023F912347E29B00DCC80D /* LaunchScreen.storyboard */ = {
			isa = PBXVariantGroup;
			children = (
				4E023F922347E29B00DCC80D /* Base */,
			);
			name = LaunchScreen.storyboard;
			sourceTree = "<group>";
		};
/* End PBXVariantGroup section */

/* Begin XCBuildConfiguration section */
		4E023F952347E29B00DCC80D /* Debug */ = {
			isa = XCBuildConfiguration;
			buildSettings = {
				ALWAYS_SEARCH_USER_PATHS = NO;
				CLANG_ANALYZER_NONNULL = YES;
				CLANG_ANALYZER_NUMBER_OBJECT_CONVERSION = YES_AGGRESSIVE;
				CLANG_CXX_LANGUAGE_STANDARD = "gnu++14";
				CLANG_CXX_LIBRARY = "libc++";
				CLANG_ENABLE_MODULES = YES;
				CLANG_ENABLE_OBJC_ARC = YES;
				CLANG_ENABLE_OBJC_WEAK = YES;
				CLANG_WARN_BLOCK_CAPTURE_AUTORELEASING = YES;
				CLANG_WARN_BOOL_CONVERSION = YES;
				CLANG_WARN_COMMA = YES;
				CLANG_WARN_CONSTANT_CONVERSION = YES;
				CLANG_WARN_DEPRECATED_OBJC_IMPLEMENTATIONS = YES;
				CLANG_WARN_DIRECT_OBJC_ISA_USAGE = YES_ERROR;
				CLANG_WARN_DOCUMENTATION_COMMENTS = YES;
				CLANG_WARN_EMPTY_BODY = YES;
				CLANG_WARN_ENUM_CONVERSION = YES;
				CLANG_WARN_INFINITE_RECURSION = YES;
				CLANG_WARN_INT_CONVERSION = YES;
				CLANG_WARN_NON_LITERAL_NULL_CONVERSION = YES;
				CLANG_WARN_OBJC_IMPLICIT_RETAIN_SELF = YES;
				CLANG_WARN_OBJC_LITERAL_CONVERSION = YES;
				CLANG_WARN_OBJC_ROOT_CLASS = YES_ERROR;
				CLANG_WARN_RANGE_LOOP_ANALYSIS = YES;
				CLANG_WARN_STRICT_PROTOTYPES = YES;
				CLANG_WARN_SUSPICIOUS_MOVE = YES;
				CLANG_WARN_UNGUARDED_AVAILABILITY = YES_AGGRESSIVE;
				CLANG_WARN_UNREACHABLE_CODE = YES;
				CLANG_WARN__DUPLICATE_METHOD_MATCH = YES;
				CODE_SIGN_IDENTITY = "iPhone Developer";
				COPY_PHASE_STRIP = NO;
				DEBUG_INFORMATION_FORMAT = dwarf;
				ENABLE_STRICT_OBJC_MSGSEND = YES;
				ENABLE_TESTABILITY = YES;
				GCC_C_LANGUAGE_STANDARD = gnu11;
				GCC_DYNAMIC_NO_PIC = NO;
				GCC_NO_COMMON_BLOCKS = YES;
				GCC_OPTIMIZATION_LEVEL = 0;
				GCC_PREPROCESSOR_DEFINITIONS = (
					"DEBUG=1",
					"$(inherited)",
				);
				GCC_WARN_64_TO_32_BIT_CONVERSION = YES;
				GCC_WARN_ABOUT_RETURN_TYPE = YES_ERROR;
				GCC_WARN_UNDECLARED_SELECTOR = YES;
				GCC_WARN_UNINITIALIZED_AUTOS = YES_AGGRESSIVE;
				GCC_WARN_UNUSED_FUNCTION = YES;
				GCC_WARN_UNUSED_VARIABLE = YES;
				IPHONEOS_DEPLOYMENT_TARGET = 12.4;
				MTL_ENABLE_DEBUG_INFO = INCLUDE_SOURCE;
				MTL_FAST_MATH = YES;
				ONLY_ACTIVE_ARCH = YES;
				SDKROOT = iphoneos;
				SWIFT_ACTIVE_COMPILATION_CONDITIONS = DEBUG;
				SWIFT_OPTIMIZATION_LEVEL = "-Onone";
			};
			name = Debug;
		};
		4E023F962347E29B00DCC80D /* Release */ = {
			isa = XCBuildConfiguration;
			buildSettings = {
				ALWAYS_SEARCH_USER_PATHS = NO;
				CLANG_ANALYZER_NONNULL = YES;
				CLANG_ANALYZER_NUMBER_OBJECT_CONVERSION = YES_AGGRESSIVE;
				CLANG_CXX_LANGUAGE_STANDARD = "gnu++14";
				CLANG_CXX_LIBRARY = "libc++";
				CLANG_ENABLE_MODULES = YES;
				CLANG_ENABLE_OBJC_ARC = YES;
				CLANG_ENABLE_OBJC_WEAK = YES;
				CLANG_WARN_BLOCK_CAPTURE_AUTORELEASING = YES;
				CLANG_WARN_BOOL_CONVERSION = YES;
				CLANG_WARN_COMMA = YES;
				CLANG_WARN_CONSTANT_CONVERSION = YES;
				CLANG_WARN_DEPRECATED_OBJC_IMPLEMENTATIONS = YES;
				CLANG_WARN_DIRECT_OBJC_ISA_USAGE = YES_ERROR;
				CLANG_WARN_DOCUMENTATION_COMMENTS = YES;
				CLANG_WARN_EMPTY_BODY = YES;
				CLANG_WARN_ENUM_CONVERSION = YES;
				CLANG_WARN_INFINITE_RECURSION = YES;
				CLANG_WARN_INT_CONVERSION = YES;
				CLANG_WARN_NON_LITERAL_NULL_CONVERSION = YES;
				CLANG_WARN_OBJC_IMPLICIT_RETAIN_SELF = YES;
				CLANG_WARN_OBJC_LITERAL_CONVERSION = YES;
				CLANG_WARN_OBJC_ROOT_CLASS = YES_ERROR;
				CLANG_WARN_RANGE_LOOP_ANALYSIS = YES;
				CLANG_WARN_STRICT_PROTOTYPES = YES;
				CLANG_WARN_SUSPICIOUS_MOVE = YES;
				CLANG_WARN_UNGUARDED_AVAILABILITY = YES_AGGRESSIVE;
				CLANG_WARN_UNREACHABLE_CODE = YES;
				CLANG_WARN__DUPLICATE_METHOD_MATCH = YES;
				CODE_SIGN_IDENTITY = "iPhone Developer";
				COPY_PHASE_STRIP = NO;
				DEBUG_INFORMATION_FORMAT = "dwarf-with-dsym";
				ENABLE_NS_ASSERTIONS = NO;
				ENABLE_STRICT_OBJC_MSGSEND = YES;
				GCC_C_LANGUAGE_STANDARD = gnu11;
				GCC_NO_COMMON_BLOCKS = YES;
				GCC_WARN_64_TO_32_BIT_CONVERSION = YES;
				GCC_WARN_ABOUT_RETURN_TYPE = YES_ERROR;
				GCC_WARN_UNDECLARED_SELECTOR = YES;
				GCC_WARN_UNINITIALIZED_AUTOS = YES_AGGRESSIVE;
				GCC_WARN_UNUSED_FUNCTION = YES;
				GCC_WARN_UNUSED_VARIABLE = YES;
				IPHONEOS_DEPLOYMENT_TARGET = 12.4;
				MTL_ENABLE_DEBUG_INFO = NO;
				MTL_FAST_MATH = YES;
				SDKROOT = iphoneos;
				SWIFT_COMPILATION_MODE = wholemodule;
				SWIFT_OPTIMIZATION_LEVEL = "-O";
				VALIDATE_PRODUCT = YES;
			};
			name = Release;
		};
		4E023F982347E29B00DCC80D /* Debug */ = {
			isa = XCBuildConfiguration;
			buildSettings = {
				ASSETCATALOG_COMPILER_APPICON_NAME = AppIcon;
				CODE_SIGN_STYLE = Automatic;
				INFOPLIST_FILE = pokedexapp/Info.plist;
				LD_RUNPATH_SEARCH_PATHS = (
					"$(inherited)",
					"@executable_path/Frameworks",
				);
				PRODUCT_BUNDLE_IDENTIFIER = p.khotin.pokedexapp;
				PRODUCT_NAME = "$(TARGET_NAME)";
				SWIFT_VERSION = 5.0;
				TARGETED_DEVICE_FAMILY = "1,2";
			};
			name = Debug;
		};
		4E023F992347E29B00DCC80D /* Release */ = {
			isa = XCBuildConfiguration;
			buildSettings = {
				ASSETCATALOG_COMPILER_APPICON_NAME = AppIcon;
				CODE_SIGN_STYLE = Automatic;
				INFOPLIST_FILE = pokedexapp/Info.plist;
				LD_RUNPATH_SEARCH_PATHS = (
					"$(inherited)",
					"@executable_path/Frameworks",
				);
				PRODUCT_BUNDLE_IDENTIFIER = p.khotin.pokedexapp;
				PRODUCT_NAME = "$(TARGET_NAME)";
				SWIFT_VERSION = 5.0;
				TARGETED_DEVICE_FAMILY = "1,2";
			};
			name = Release;
		};
/* End XCBuildConfiguration section */

/* Begin XCConfigurationList section */
		4E023F7D2347E29A00DCC80D /* Build configuration list for PBXProject "pokedexapp" */ = {
			isa = XCConfigurationList;
			buildConfigurations = (
				4E023F952347E29B00DCC80D /* Debug */,
				4E023F962347E29B00DCC80D /* Release */,
			);
			defaultConfigurationIsVisible = 0;
			defaultConfigurationName = Release;
		};
		4E023F972347E29B00DCC80D /* Build configuration list for PBXNativeTarget "pokedexapp" */ = {
			isa = XCConfigurationList;
			buildConfigurations = (
				4E023F982347E29B00DCC80D /* Debug */,
				4E023F992347E29B00DCC80D /* Release */,
			);
			defaultConfigurationIsVisible = 0;
			defaultConfigurationName = Release;
		};
/* End XCConfigurationList section */

/* Begin XCVersionGroup section */
		4E023F8C2347E29A00DCC80D /* pokedexapp.xcdatamodeld */ = {
			isa = XCVersionGroup;
			children = (
				4E023F8D2347E29A00DCC80D /* pokedexapp.xcdatamodel */,
			);
			currentVersion = 4E023F8D2347E29A00DCC80D /* pokedexapp.xcdatamodel */;
			path = pokedexapp.xcdatamodeld;
			sourceTree = "<group>";
			versionGroupType = wrapper.xcdatamodel;
		};
/* End XCVersionGroup section */
	};
	rootObject = 4E023F7A2347E29A00DCC80D /* Project object */;
}
